PODS:
  - Alamofire (3.3.0)
  - BTNavigationDropdownMenu (0.2.1)
  - Hue (1.1)
  - NVActivityIndicatorView (2.3)
  - RxCocoa (2.3.1):
    - RxSwift (~> 2.3.1)
  - RxSwift (2.3.1)
  - SwiftyJSON (2.3.2)

DEPENDENCIES:
  - Alamofire
  - BTNavigationDropdownMenu
  - Hue
  - NVActivityIndicatorView
  - RxCocoa
  - RxSwift
  - SwiftyJSON

SPEC CHECKSUMS:
  Alamofire: 9054db4a1b1ca9e363223183e01cea380159a27c
  BTNavigationDropdownMenu: 9cf4060162c96510ee27c388412e28678320cdc0
  Hue: ed6781be844b58b2a38150cfd4bf24c33449faf8
  NVActivityIndicatorView: c7ef25ef527ab5e51b00322cb1ddd58681bcf2a3
  RxCocoa: a2baaf3462b989559a51dce59d78fbebb8fe0afa
  RxSwift: 829b2843e9eddc77a02cb3f5117f0d55f8f646f1
  SwiftyJSON: 04ccea08915aa0109039157c7974cf0298da292a

PODFILE CHECKSUM: 2fe9837971dab98847c1fc2db30c78de08b768bc

COCOAPODS: 1.0.0.beta.3
